
Microsoft Visual Studio Solution File, Format Version 12.00
# Visual Studio Version 17
VisualStudioVersion = 17.8.34525.116
MinimumVisualStudioVersion = 10.0.40219.1
Project("{FAE04EC0-301F-11D3-BF4B-00C04F79EFBC}") = "avaTodo", "avaTodo\avaTodo.csproj", "{DFEDD027-213D-4610-B3CF-BF2A23A7F31A}"
EndProject
Global
	GlobalSection(SolutionConfigurationPlatforms) = preSolution
		Debug|Any CPU = Debug|Any CPU
		Release|Any CPU = Release|Any CPU
	EndGlobalSection
	GlobalSection(ProjectConfigurationPlatforms) = postSolution
		{DFEDD027-213D-4610-B3CF-BF2A23A7F31A}.Debug|Any CPU.ActiveCfg = Debug|Any CPU
		{DFEDD027-213D-4610-B3CF-BF2A23A7F31A}.Debug|Any CPU.Build.0 = Debug|Any CPU
		{DFEDD027-213D-4610-B3CF-BF2A23A7F31A}.Release|Any CPU.ActiveCfg = Release|Any CPU
		{DFEDD027-213D-4610-B3CF-BF2A23A7F31A}.Release|Any CPU.Build.0 = Release|Any CPU
	EndGlobalSection
	GlobalSection(SolutionProperties) = preSolution
		HideSolutionNode = FALSE
	EndGlobalSection
	GlobalSection(ExtensibilityGlobals) = postSolution
		SolutionGuid = {618665A3-7472-4B82-8A44-41B7614F0260}
	EndGlobalSection
EndGlobal
